
Microsoft Visual Studio Solution File, Format Version 12.00
# Visual Studio Version 16
VisualStudioVersion = 16.0.29519.87
MinimumVisualStudioVersion = 10.0.40219.1
Project("{9A19103F-16F7-4668-BE54-9A1E7A4F7556}") = "Chama.Dal.DB", "CoursesDB\Chama.Dal.DB.csproj", "{BB802259-CDFF-4036-B223-F60AE4835752}"
EndProject
Project("{2150E333-8FDC-42A3-9474-1A3956D46DE8}") = "5-Chama.Common", "5-Chama.Common", "{CC464C85-666E-44A9-BF1D-7F786BBB2E72}"
EndProject
Project("{9A19103F-16F7-4668-BE54-9A1E7A4F7556}") = "Chama.Common.Logging", "Chama.Common.Logging\Chama.Common.Logging.csproj", "{722AD6D2-64FA-4491-8AD2-344349B1F4B1}"
EndProject
Project("{2150E333-8FDC-42A3-9474-1A3956D46DE8}") = "0-Chama.SolutionsItems", "0-Chama.SolutionsItems", "{5785E193-B117-49DD-BD12-C70E6E2A769C}"
	ProjectSection(SolutionItems) = preProject
		Nuget Commands.txt = Nuget Commands.txt
		..\..\Downloads\nuget.exe = ..\..\Downloads\nuget.exe
	EndProjectSection
EndProject
Project("{9A19103F-16F7-4668-BE54-9A1E7A4F7556}") = "DBTester", "DBTester\DBTester.csproj", "{2AC6B395-DE60-45ED-A854-33939BBBB63B}"
EndProject
Project("{2150E333-8FDC-42A3-9474-1A3956D46DE8}") = "6-TestClients", "6-TestClients", "{4FB7E68F-1FF1-4FE7-831B-7CCAD3B7FF93}"
EndProject
Project("{9A19103F-16F7-4668-BE54-9A1E7A4F7556}") = "Chamma.Common.Settings", "Chamma.Common.Settings\Chamma.Common.Settings.csproj", "{0B328021-2293-4E28-939F-432F42F90157}"
EndProject
Project("{2150E333-8FDC-42A3-9474-1A3956D46DE8}") = "4-Chams.Dal", "4-Chams.Dal", "{10C8E396-B5B3-495B-ABD9-951C69147CE4}"
EndProject
Project("{9A19103F-16F7-4668-BE54-9A1E7A4F7556}") = "Chama.Common.Ioc", "Chama.Common.Ioc\Chama.Common.Ioc.csproj", "{D3F00A88-771C-4724-9300-178A43ECACCC}"
EndProject
Project("{2150E333-8FDC-42A3-9474-1A3956D46DE8}") = "1-Chama.Applications", "1-Chama.Applications", "{E6219459-73FE-46F2-A494-FAFB92193B89}"
EndProject
Project("{2150E333-8FDC-42A3-9474-1A3956D46DE8}") = "2-Chama.ApplicationServices", "2-Chama.ApplicationServices", "{A1F0B478-FA94-40FE-B1DC-1A131427D632}"
EndProject
Project("{9A19103F-16F7-4668-BE54-9A1E7A4F7556}") = "Chama.Dal.Containers", "Chama.Dal.Containers\Chama.Dal.Containers.csproj", "{BBDA77F4-A77A-4D99-895B-81966FC9415B}"
EndProject
Project("{9A19103F-16F7-4668-BE54-9A1E7A4F7556}") = "Chama.Dal.GenerIcRepository", "GenerIcRepository\Chama.Dal.GenerIcRepository.csproj", "{CBE7809F-7974-4E71-B8DB-DDBA179F4D01}"
EndProject
Project("{9A19103F-16F7-4668-BE54-9A1E7A4F7556}") = "Chama.ApplicatoionServices.Courses", "Chama.ApplicatoionServices.Courses\Chama.ApplicatoionServices.Courses.csproj", "{3AB00236-2BEE-497D-9392-B3A9AE6FEA91}"
EndProject
Project("{FAE04EC0-301F-11D3-BF4B-00C04F79EFBC}") = "Chama.ApplicatinServices.Courses.Test", "Chama.ApplicatinServices.Courses.Test\Chama.ApplicatinServices.Courses.Test.csproj", "{A40E1BE0-57A8-4143-9071-F91EABAAE4BA}"
EndProject
Project("{FAE04EC0-301F-11D3-BF4B-00C04F79EFBC}") = "Chama.Web.SubscribtionV1", "Chama.Web.SubscribtionV1\Chama.Web.SubscribtionV1.csproj", "{2E29C86A-C234-40BB-8155-06921A08F025}"
EndProject
Global
	GlobalSection(SolutionConfigurationPlatforms) = preSolution
		Debug|Any CPU = Debug|Any CPU
		Release|Any CPU = Release|Any CPU
	EndGlobalSection
	GlobalSection(ProjectConfigurationPlatforms) = postSolution
		{BB802259-CDFF-4036-B223-F60AE4835752}.Debug|Any CPU.ActiveCfg = Debug|Any CPU
		{BB802259-CDFF-4036-B223-F60AE4835752}.Debug|Any CPU.Build.0 = Debug|Any CPU
		{BB802259-CDFF-4036-B223-F60AE4835752}.Release|Any CPU.ActiveCfg = Release|Any CPU
		{BB802259-CDFF-4036-B223-F60AE4835752}.Release|Any CPU.Build.0 = Release|Any CPU
		{722AD6D2-64FA-4491-8AD2-344349B1F4B1}.Debug|Any CPU.ActiveCfg = Debug|Any CPU
		{722AD6D2-64FA-4491-8AD2-344349B1F4B1}.Debug|Any CPU.Build.0 = Debug|Any CPU
		{722AD6D2-64FA-4491-8AD2-344349B1F4B1}.Release|Any CPU.ActiveCfg = Release|Any CPU
		{722AD6D2-64FA-4491-8AD2-344349B1F4B1}.Release|Any CPU.Build.0 = Release|Any CPU
		{2AC6B395-DE60-45ED-A854-33939BBBB63B}.Debug|Any CPU.ActiveCfg = Debug|Any CPU
		{2AC6B395-DE60-45ED-A854-33939BBBB63B}.Debug|Any CPU.Build.0 = Debug|Any CPU
		{2AC6B395-DE60-45ED-A854-33939BBBB63B}.Release|Any CPU.ActiveCfg = Release|Any CPU
		{2AC6B395-DE60-45ED-A854-33939BBBB63B}.Release|Any CPU.Build.0 = Release|Any CPU
		{0B328021-2293-4E28-939F-432F42F90157}.Debug|Any CPU.ActiveCfg = Debug|Any CPU
		{0B328021-2293-4E28-939F-432F42F90157}.Debug|Any CPU.Build.0 = Debug|Any CPU
		{0B328021-2293-4E28-939F-432F42F90157}.Release|Any CPU.ActiveCfg = Release|Any CPU
		{0B328021-2293-4E28-939F-432F42F90157}.Release|Any CPU.Build.0 = Release|Any CPU
		{D3F00A88-771C-4724-9300-178A43ECACCC}.Debug|Any CPU.ActiveCfg = Debug|Any CPU
		{D3F00A88-771C-4724-9300-178A43ECACCC}.Debug|Any CPU.Build.0 = Debug|Any CPU
		{D3F00A88-771C-4724-9300-178A43ECACCC}.Release|Any CPU.ActiveCfg = Release|Any CPU
		{D3F00A88-771C-4724-9300-178A43ECACCC}.Release|Any CPU.Build.0 = Release|Any CPU
		{BBDA77F4-A77A-4D99-895B-81966FC9415B}.Debug|Any CPU.ActiveCfg = Debug|Any CPU
		{BBDA77F4-A77A-4D99-895B-81966FC9415B}.Debug|Any CPU.Build.0 = Debug|Any CPU
		{BBDA77F4-A77A-4D99-895B-81966FC9415B}.Release|Any CPU.ActiveCfg = Release|Any CPU
		{BBDA77F4-A77A-4D99-895B-81966FC9415B}.Release|Any CPU.Build.0 = Release|Any CPU
		{CBE7809F-7974-4E71-B8DB-DDBA179F4D01}.Debug|Any CPU.ActiveCfg = Debug|Any CPU
		{CBE7809F-7974-4E71-B8DB-DDBA179F4D01}.Debug|Any CPU.Build.0 = Debug|Any CPU
		{CBE7809F-7974-4E71-B8DB-DDBA179F4D01}.Release|Any CPU.ActiveCfg = Release|Any CPU
		{CBE7809F-7974-4E71-B8DB-DDBA179F4D01}.Release|Any CPU.Build.0 = Release|Any CPU
		{3AB00236-2BEE-497D-9392-B3A9AE6FEA91}.Debug|Any CPU.ActiveCfg = Debug|Any CPU
		{3AB00236-2BEE-497D-9392-B3A9AE6FEA91}.Debug|Any CPU.Build.0 = Debug|Any CPU
		{3AB00236-2BEE-497D-9392-B3A9AE6FEA91}.Release|Any CPU.ActiveCfg = Release|Any CPU
		{3AB00236-2BEE-497D-9392-B3A9AE6FEA91}.Release|Any CPU.Build.0 = Release|Any CPU
		{A40E1BE0-57A8-4143-9071-F91EABAAE4BA}.Debug|Any CPU.ActiveCfg = Debug|Any CPU
		{A40E1BE0-57A8-4143-9071-F91EABAAE4BA}.Debug|Any CPU.Build.0 = Debug|Any CPU
		{A40E1BE0-57A8-4143-9071-F91EABAAE4BA}.Release|Any CPU.ActiveCfg = Release|Any CPU
		{A40E1BE0-57A8-4143-9071-F91EABAAE4BA}.Release|Any CPU.Build.0 = Release|Any CPU
		{2E29C86A-C234-40BB-8155-06921A08F025}.Debug|Any CPU.ActiveCfg = Debug|Any CPU
		{2E29C86A-C234-40BB-8155-06921A08F025}.Debug|Any CPU.Build.0 = Debug|Any CPU
		{2E29C86A-C234-40BB-8155-06921A08F025}.Release|Any CPU.ActiveCfg = Release|Any CPU
		{2E29C86A-C234-40BB-8155-06921A08F025}.Release|Any CPU.Build.0 = Release|Any CPU
	EndGlobalSection
	GlobalSection(SolutionProperties) = preSolution
		HideSolutionNode = FALSE
	EndGlobalSection
	GlobalSection(NestedProjects) = preSolution
		{BB802259-CDFF-4036-B223-F60AE4835752} = {10C8E396-B5B3-495B-ABD9-951C69147CE4}
		{722AD6D2-64FA-4491-8AD2-344349B1F4B1} = {CC464C85-666E-44A9-BF1D-7F786BBB2E72}
		{2AC6B395-DE60-45ED-A854-33939BBBB63B} = {4FB7E68F-1FF1-4FE7-831B-7CCAD3B7FF93}
		{0B328021-2293-4E28-939F-432F42F90157} = {CC464C85-666E-44A9-BF1D-7F786BBB2E72}
		{D3F00A88-771C-4724-9300-178A43ECACCC} = {CC464C85-666E-44A9-BF1D-7F786BBB2E72}
		{BBDA77F4-A77A-4D99-895B-81966FC9415B} = {10C8E396-B5B3-495B-ABD9-951C69147CE4}
		{CBE7809F-7974-4E71-B8DB-DDBA179F4D01} = {10C8E396-B5B3-495B-ABD9-951C69147CE4}
		{3AB00236-2BEE-497D-9392-B3A9AE6FEA91} = {A1F0B478-FA94-40FE-B1DC-1A131427D632}
		{A40E1BE0-57A8-4143-9071-F91EABAAE4BA} = {A1F0B478-FA94-40FE-B1DC-1A131427D632}
		{2E29C86A-C234-40BB-8155-06921A08F025} = {E6219459-73FE-46F2-A494-FAFB92193B89}
	EndGlobalSection
	GlobalSection(ExtensibilityGlobals) = postSolution
		SolutionGuid = {FC0B38D5-C3C9-4215-AE0F-790A6D71500E}
	EndGlobalSection
EndGlobal
